
Microsoft Visual Studio Solution File, Format Version 12.00
# Visual Studio 15
VisualStudioVersion = 15.0.28307.438
MinimumVisualStudioVersion = 10.0.40219.1
Project("{FAE04EC0-301F-11D3-BF4B-00C04F79EFBC}") = "TesteClasses", "TesteClasses\TesteClasses.csproj", "{28853B59-75E5-4FAA-A03A-AABE427E81C3}"
EndProject
Global
	GlobalSection(SolutionConfigurationPlatforms) = preSolution
		Debug|Any CPU = Debug|Any CPU
		Release|Any CPU = Release|Any CPU
	EndGlobalSection
	GlobalSection(ProjectConfigurationPlatforms) = postSolution
		{28853B59-75E5-4FAA-A03A-AABE427E81C3}.Debug|Any CPU.ActiveCfg = Debug|Any CPU
		{28853B59-75E5-4FAA-A03A-AABE427E81C3}.Debug|Any CPU.Build.0 = Debug|Any CPU
		{28853B59-75E5-4FAA-A03A-AABE427E81C3}.Release|Any CPU.ActiveCfg = Release|Any CPU
		{28853B59-75E5-4FAA-A03A-AABE427E81C3}.Release|Any CPU.Build.0 = Release|Any CPU
	EndGlobalSection
	GlobalSection(SolutionProperties) = preSolution
		HideSolutionNode = FALSE
	EndGlobalSection
	GlobalSection(ExtensibilityGlobals) = postSolution
		SolutionGuid = {AB8DE4C5-DF9B-4EE8-91EC-B421BBDB7D64}
	EndGlobalSection
EndGlobal
